// !$*UTF8*$!
{
	archiveVersion = 1;
	classes = {
	};
	objectVersion = 46;
	objects = {

/* Begin PBXBuildFile section */
		7D1232031E98B82A000BCCBB /* main.c in Sources */ = {isa = PBXBuildFile; fileRef = 7D1232021E98B82A000BCCBB /* main.c */; };
		7DB5955E1EAB082D00132086 /* client.c in Sources */ = {isa = PBXBuildFile; fileRef = 7DB5955D1EAB082D00132086 /* client.c */; };
/* End PBXBuildFile section */

/* Begin PBXCopyFilesBuildPhase section */
		7D1231FD1E98B82A000BCCBB /* CopyFiles */ = {
			isa = PBXCopyFilesBuildPhase;
			buildActionMask = 2147483647;
			dstPath = /usr/share/man/man1/;
			dstSubfolderSpec = 0;
			files = (
			);
			runOnlyForDeploymentPostprocessing = 1;
		};
/* End PBXCopyFilesBuildPhase section */

/* Begin PBXFileReference section */
		7D1231FF1E98B82A000BCCBB /* Task_4 */ = {isa = PBXFileReference; explicitFileType = "compiled.mach-o.executable"; includeInIndex = 0; path = Task_4; sourceTree = BUILT_PRODUCTS_DIR; };
		7D1232021E98B82A000BCCBB /* main.c */ = {isa = PBXFileReference; lastKnownFileType = sourcecode.c.c; path = main.c; sourceTree = "<group>"; };
		7D1232091E98CABA000BCCBB /* field */ = {isa = PBXFileReference; fileEncoding = 4; lastKnownFileType = text; path = field; sourceTree = "<group>"; };
		7D12320C1E9923AA000BCCBB /* field1 */ = {isa = PBXFileReference; fileEncoding = 4; lastKnownFileType = text; path = field1; sourceTree = "<group>"; };
		7DB5955C1EAB043A00132086 /* compile.sh */ = {isa = PBXFileReference; lastKnownFileType = text.script.sh; path = compile.sh; sourceTree = "<group>"; };
		7DB5955D1EAB082D00132086 /* client.c */ = {isa = PBXFileReference; fileEncoding = 4; lastKnownFileType = sourcecode.c.c; path = client.c; sourceTree = "<group>"; };
/* End PBXFileReference section */

/* Begin PBXFrameworksBuildPhase section */
		7D1231FC1E98B82A000BCCBB /* Frameworks */ = {
			isa = PBXFrameworksBuildPhase;
			buildActionMask = 2147483647;
			files = (
			);
			runOnlyForDeploymentPostprocessing = 0;
		};
/* End PBXFrameworksBuildPhase section */

/* Begin PBXGroup section */
		7D1231F61E98B82A000BCCBB = {
			isa = PBXGroup;
			children = (
				7D1232011E98B82A000BCCBB /* Task_4 */,
				7D1232001E98B82A000BCCBB /* Products */,
			);
			sourceTree = "<group>";
		};
		7D1232001E98B82A000BCCBB /* Products */ = {
			isa = PBXGroup;
			children = (
				7D1231FF1E98B82A000BCCBB /* Task_4 */,
			);
			name = Products;
			sourceTree = "<group>";
		};
		7D1232011E98B82A000BCCBB /* Task_4 */ = {
			isa = PBXGroup;
			children = (
				7DB5955D1EAB082D00132086 /* client.c */,
				7D1232021E98B82A000BCCBB /* main.c */,
				7D1232091E98CABA000BCCBB /* field */,
				7D12320C1E9923AA000BCCBB /* field1 */,
				7DB5955C1EAB043A00132086 /* compile.sh */,
			);
			path = Task_4;
			sourceTree = "<group>";
		};
/* End PBXGroup section */

/* Begin PBXNativeTarget section */
		7D1231FE1E98B82A000BCCBB /* Task_4 */ = {
			isa = PBXNativeTarget;
			buildConfigurationList = 7D1232061E98B82A000BCCBB /* Build configuration list for PBXNativeTarget "Task_4" */;
			buildPhases = (
				7D1231FB1E98B82A000BCCBB /* Sources */,
				7D1231FC1E98B82A000BCCBB /* Frameworks */,
				7D1231FD1E98B82A000BCCBB /* CopyFiles */,
			);
			buildRules = (
			);
			dependencies = (
			);
			name = Task_4;
			productName = Task_4;
			productReference = 7D1231FF1E98B82A000BCCBB /* Task_4 */;
			productType = "com.apple.product-type.tool";
		};
/* End PBXNativeTarget section */

/* Begin PBXProject section */
		7D1231F71E98B82A000BCCBB /* Project object */ = {
			isa = PBXProject;
			attributes = {
				LastUpgradeCheck = 0820;
				ORGANIZATIONNAME = "Ольга Выростко";
				TargetAttributes = {
					7D1231FE1E98B82A000BCCBB = {
						CreatedOnToolsVersion = 8.2.1;
						ProvisioningStyle = Automatic;
					};
				};
			};
			buildConfigurationList = 7D1231FA1E98B82A000BCCBB /* Build configuration list for PBXProject "Task_4" */;
			compatibilityVersion = "Xcode 3.2";
			developmentRegion = English;
			hasScannedForEncodings = 0;
			knownRegions = (
				en,
			);
			mainGroup = 7D1231F61E98B82A000BCCBB;
			productRefGroup = 7D1232001E98B82A000BCCBB /* Products */;
			projectDirPath = "";
			projectRoot = "";
			targets = (
				7D1231FE1E98B82A000BCCBB /* Task_4 */,
			);
		};
/* End PBXProject section */

/* Begin PBXSourcesBuildPhase section */
		7D1231FB1E98B82A000BCCBB /* Sources */ = {
			isa = PBXSourcesBuildPhase;
			buildActionMask = 2147483647;
			files = (
				7DB5955E1EAB082D00132086 /* client.c in Sources */,
				7D1232031E98B82A000BCCBB /* main.c in Sources */,
			);
			runOnlyForDeploymentPostprocessing = 0;
		};
/* End PBXSourcesBuildPhase section */

/* Begin XCBuildConfiguration section */
		7D1232041E98B82A000BCCBB /* Debug */ = {
			isa = XCBuildConfiguration;
			buildSettings = {
				ALWAYS_SEARCH_USER_PATHS = NO;
				CLANG_ANALYZER_NONNULL = YES;
				CLANG_CXX_LANGUAGE_STANDARD = "gnu++0x";
				CLANG_CXX_LIBRARY = "libc++";
				CLANG_ENABLE_MODULES = YES;
				CLANG_ENABLE_OBJC_ARC = YES;
				CLANG_WARN_BOOL_CONVERSION = YES;
				CLANG_WARN_CONSTANT_CONVERSION = YES;
				CLANG_WARN_DIRECT_OBJC_ISA_USAGE = YES_ERROR;
				CLANG_WARN_DOCUMENTATION_COMMENTS = YES;
				CLANG_WARN_EMPTY_BODY = YES;
				CLANG_WARN_ENUM_CONVERSION = YES;
				CLANG_WARN_INFINITE_RECURSION = YES;
				CLANG_WARN_INT_CONVERSION = YES;
				CLANG_WARN_OBJC_ROOT_CLASS = YES_ERROR;
				CLANG_WARN_SUSPICIOUS_MOVE = YES;
				CLANG_WARN_UNREACHABLE_CODE = YES;
				CLANG_WARN__DUPLICATE_METHOD_MATCH = YES;
				CODE_SIGN_IDENTITY = "-";
				COPY_PHASE_STRIP = NO;
				DEBUG_INFORMATION_FORMAT = dwarf;
				ENABLE_STRICT_OBJC_MSGSEND = YES;
				ENABLE_TESTABILITY = YES;
				GCC_C_LANGUAGE_STANDARD = gnu99;
				GCC_DYNAMIC_NO_PIC = NO;
				GCC_NO_COMMON_BLOCKS = YES;
				GCC_OPTIMIZATION_LEVEL = 0;
				GCC_PREPROCESSOR_DEFINITIONS = (
					"DEBUG=1",
					"$(inherited)",
				);
				GCC_WARN_64_TO_32_BIT_CONVERSION = YES;
				GCC_WARN_ABOUT_RETURN_TYPE = YES_ERROR;
				GCC_WARN_UNDECLARED_SELECTOR = YES;
				GCC_WARN_UNINITIALIZED_AUTOS = YES_AGGRESSIVE;
				GCC_WARN_UNUSED_FUNCTION = YES;
				GCC_WARN_UNUSED_VARIABLE = YES;
				MACOSX_DEPLOYMENT_TARGET = 10.12;
				MTL_ENABLE_DEBUG_INFO = YES;
				ONLY_ACTIVE_ARCH = YES;
				SDKROOT = macosx;
			};
			name = Debug;
		};
		7D1232051E98B82A000BCCBB /* Release */ = {
			isa = XCBuildConfiguration;
			buildSettings = {
				ALWAYS_SEARCH_USER_PATHS = NO;
				CLANG_ANALYZER_NONNULL = YES;
				CLANG_CXX_LANGUAGE_STANDARD = "gnu++0x";
				CLANG_CXX_LIBRARY = "libc++";
				CLANG_ENABLE_MODULES = YES;
				CLANG_ENABLE_OBJC_ARC = YES;
				CLANG_WARN_BOOL_CONVERSION = YES;
				CLANG_WARN_CONSTANT_CONVERSION = YES;
				CLANG_WARN_DIRECT_OBJC_ISA_USAGE = YES_ERROR;
				CLANG_WARN_DOCUMENTATION_COMMENTS = YES;
				CLANG_WARN_EMPTY_BODY = YES;
				CLANG_WARN_ENUM_CONVERSION = YES;
				CLANG_WARN_INFINITE_RECURSION = YES;
				CLANG_WARN_INT_CONVERSION = YES;
				CLANG_WARN_OBJC_ROOT_CLASS = YES_ERROR;
				CLANG_WARN_SUSPICIOUS_MOVE = YES;
				CLANG_WARN_UNREACHABLE_CODE = YES;
				CLANG_WARN__DUPLICATE_METHOD_MATCH = YES;
				CODE_SIGN_IDENTITY = "-";
				COPY_PHASE_STRIP = NO;
				DEBUG_INFORMATION_FORMAT = "dwarf-with-dsym";
				ENABLE_NS_ASSERTIONS = NO;
				ENABLE_STRICT_OBJC_MSGSEND = YES;
				GCC_C_LANGUAGE_STANDARD = gnu99;
				GCC_NO_COMMON_BLOCKS = YES;
				GCC_WARN_64_TO_32_BIT_CONVERSION = YES;
				GCC_WARN_ABOUT_RETURN_TYPE = YES_ERROR;
				GCC_WARN_UNDECLARED_SELECTOR = YES;
				GCC_WARN_UNINITIALIZED_AUTOS = YES_AGGRESSIVE;
				GCC_WARN_UNUSED_FUNCTION = YES;
				GCC_WARN_UNUSED_VARIABLE = YES;
				MACOSX_DEPLOYMENT_TARGET = 10.12;
				MTL_ENABLE_DEBUG_INFO = NO;
				SDKROOT = macosx;
			};
			name = Release;
		};
		7D1232071E98B82A000BCCBB /* Debug */ = {
			isa = XCBuildConfiguration;
			buildSettings = {
				PRODUCT_NAME = "$(TARGET_NAME)";
			};
			name = Debug;
		};
		7D1232081E98B82A000BCCBB /* Release */ = {
			isa = XCBuildConfiguration;
			buildSettings = {
				PRODUCT_NAME = "$(TARGET_NAME)";
			};
			name = Release;
		};
/* End XCBuildConfiguration section */

/* Begin XCConfigurationList section */
		7D1231FA1E98B82A000BCCBB /* Build configuration list for PBXProject "Task_4" */ = {
			isa = XCConfigurationList;
			buildConfigurations = (
				7D1232041E98B82A000BCCBB /* Debug */,
				7D1232051E98B82A000BCCBB /* Release */,
			);
			defaultConfigurationIsVisible = 0;
			defaultConfigurationName = Release;
		};
		7D1232061E98B82A000BCCBB /* Build configuration list for PBXNativeTarget "Task_4" */ = {
			isa = XCConfigurationList;
			buildConfigurations = (
				7D1232071E98B82A000BCCBB /* Debug */,
				7D1232081E98B82A000BCCBB /* Release */,
			);
			defaultConfigurationIsVisible = 0;
			defaultConfigurationName = Release;
		};
/* End XCConfigurationList section */
	};
	rootObject = 7D1231F71E98B82A000BCCBB /* Project object */;
}
