// !$*UTF8*$!
{
	archiveVersion = 1;
	classes = {
	};
	objectVersion = 46;
	objects = {

/* Begin PBXBuildFile section */
		7DFB0E1F1EACE6000003CF7F /* launcher.c in Sources */ = {isa = PBXBuildFile; fileRef = 7DFB0E1E1EACE6000003CF7F /* launcher.c */; };
/* End PBXBuildFile section */

/* Begin PBXCopyFilesBuildPhase section */
		7DFB0E0F1EACB4020003CF7F /* CopyFiles */ = {
			isa = PBXCopyFilesBuildPhase;
			buildActionMask = 2147483647;
			dstPath = /usr/share/man/man1/;
			dstSubfolderSpec = 0;
			files = (
			);
			runOnlyForDeploymentPostprocessing = 1;
		};
/* End PBXCopyFilesBuildPhase section */

/* Begin PBXFileReference section */
		7DFB0E111EACB4020003CF7F /* Task_7 */ = {isa = PBXFileReference; explicitFileType = "compiled.mach-o.executable"; includeInIndex = 0; path = Task_7; sourceTree = BUILT_PRODUCTS_DIR; };
		7DFB0E1E1EACE6000003CF7F /* launcher.c */ = {isa = PBXFileReference; fileEncoding = 4; lastKnownFileType = sourcecode.c.c; path = launcher.c; sourceTree = "<group>"; };
		7DFB0E201EACE8770003CF7F /* launcher_defines.h */ = {isa = PBXFileReference; lastKnownFileType = sourcecode.c.h; path = launcher_defines.h; sourceTree = "<group>"; };
		7DFB0E211EACE8F30003CF7F /* src */ = {isa = PBXFileReference; fileEncoding = 4; lastKnownFileType = text; path = src; sourceTree = "<group>"; };
		7DFB0E221EACF9EC0003CF7F /* dst */ = {isa = PBXFileReference; fileEncoding = 4; lastKnownFileType = text; path = dst; sourceTree = "<group>"; };
/* End PBXFileReference section */

/* Begin PBXFrameworksBuildPhase section */
		7DFB0E0E1EACB4020003CF7F /* Frameworks */ = {
			isa = PBXFrameworksBuildPhase;
			buildActionMask = 2147483647;
			files = (
			);
			runOnlyForDeploymentPostprocessing = 0;
		};
/* End PBXFrameworksBuildPhase section */

/* Begin PBXGroup section */
		7DFB0E081EACB4020003CF7F = {
			isa = PBXGroup;
			children = (
				7DFB0E131EACB4020003CF7F /* Task_7 */,
				7DFB0E121EACB4020003CF7F /* Products */,
			);
			sourceTree = "<group>";
		};
		7DFB0E121EACB4020003CF7F /* Products */ = {
			isa = PBXGroup;
			children = (
				7DFB0E111EACB4020003CF7F /* Task_7 */,
			);
			name = Products;
			sourceTree = "<group>";
		};
		7DFB0E131EACB4020003CF7F /* Task_7 */ = {
			isa = PBXGroup;
			children = (
				7DFB0E221EACF9EC0003CF7F /* dst */,
				7DFB0E1E1EACE6000003CF7F /* launcher.c */,
				7DFB0E201EACE8770003CF7F /* launcher_defines.h */,
				7DFB0E211EACE8F30003CF7F /* src */,
			);
			path = Task_7;
			sourceTree = "<group>";
		};
/* End PBXGroup section */

/* Begin PBXNativeTarget section */
		7DFB0E101EACB4020003CF7F /* Task_7 */ = {
			isa = PBXNativeTarget;
			buildConfigurationList = 7DFB0E181EACB4020003CF7F /* Build configuration list for PBXNativeTarget "Task_7" */;
			buildPhases = (
				7DFB0E0D1EACB4020003CF7F /* Sources */,
				7DFB0E0E1EACB4020003CF7F /* Frameworks */,
				7DFB0E0F1EACB4020003CF7F /* CopyFiles */,
			);
			buildRules = (
			);
			dependencies = (
			);
			name = Task_7;
			productName = Task_7;
			productReference = 7DFB0E111EACB4020003CF7F /* Task_7 */;
			productType = "com.apple.product-type.tool";
		};
/* End PBXNativeTarget section */

/* Begin PBXProject section */
		7DFB0E091EACB4020003CF7F /* Project object */ = {
			isa = PBXProject;
			attributes = {
				LastUpgradeCheck = 0830;
				ORGANIZATIONNAME = "Ольга Выростко";
				TargetAttributes = {
					7DFB0E101EACB4020003CF7F = {
						CreatedOnToolsVersion = 8.3.1;
						ProvisioningStyle = Automatic;
					};
				};
			};
			buildConfigurationList = 7DFB0E0C1EACB4020003CF7F /* Build configuration list for PBXProject "Task_7" */;
			compatibilityVersion = "Xcode 3.2";
			developmentRegion = English;
			hasScannedForEncodings = 0;
			knownRegions = (
				en,
			);
			mainGroup = 7DFB0E081EACB4020003CF7F;
			productRefGroup = 7DFB0E121EACB4020003CF7F /* Products */;
			projectDirPath = "";
			projectRoot = "";
			targets = (
				7DFB0E101EACB4020003CF7F /* Task_7 */,
			);
		};
/* End PBXProject section */

/* Begin PBXSourcesBuildPhase section */
		7DFB0E0D1EACB4020003CF7F /* Sources */ = {
			isa = PBXSourcesBuildPhase;
			buildActionMask = 2147483647;
			files = (
				7DFB0E1F1EACE6000003CF7F /* launcher.c in Sources */,
			);
			runOnlyForDeploymentPostprocessing = 0;
		};
/* End PBXSourcesBuildPhase section */

/* Begin XCBuildConfiguration section */
		7DFB0E161EACB4020003CF7F /* Debug */ = {
			isa = XCBuildConfiguration;
			buildSettings = {
				ALWAYS_SEARCH_USER_PATHS = NO;
				CLANG_ANALYZER_NONNULL = YES;
				CLANG_ANALYZER_NUMBER_OBJECT_CONVERSION = YES_AGGRESSIVE;
				CLANG_CXX_LANGUAGE_STANDARD = "gnu++0x";
				CLANG_CXX_LIBRARY = "libc++";
				CLANG_ENABLE_MODULES = YES;
				CLANG_ENABLE_OBJC_ARC = YES;
				CLANG_WARN_BOOL_CONVERSION = YES;
				CLANG_WARN_CONSTANT_CONVERSION = YES;
				CLANG_WARN_DIRECT_OBJC_ISA_USAGE = YES_ERROR;
				CLANG_WARN_DOCUMENTATION_COMMENTS = YES;
				CLANG_WARN_EMPTY_BODY = YES;
				CLANG_WARN_ENUM_CONVERSION = YES;
				CLANG_WARN_INFINITE_RECURSION = YES;
				CLANG_WARN_INT_CONVERSION = YES;
				CLANG_WARN_OBJC_ROOT_CLASS = YES_ERROR;
				CLANG_WARN_SUSPICIOUS_MOVE = YES;
				CLANG_WARN_UNREACHABLE_CODE = YES;
				CLANG_WARN__DUPLICATE_METHOD_MATCH = YES;
				CODE_SIGN_IDENTITY = "-";
				COPY_PHASE_STRIP = NO;
				DEBUG_INFORMATION_FORMAT = dwarf;
				ENABLE_STRICT_OBJC_MSGSEND = YES;
				ENABLE_TESTABILITY = YES;
				GCC_C_LANGUAGE_STANDARD = gnu99;
				GCC_DYNAMIC_NO_PIC = NO;
				GCC_NO_COMMON_BLOCKS = YES;
				GCC_OPTIMIZATION_LEVEL = 0;
				GCC_PREPROCESSOR_DEFINITIONS = (
					"DEBUG=1",
					"$(inherited)",
				);
				GCC_WARN_64_TO_32_BIT_CONVERSION = YES;
				GCC_WARN_ABOUT_RETURN_TYPE = YES_ERROR;
				GCC_WARN_UNDECLARED_SELECTOR = YES;
				GCC_WARN_UNINITIALIZED_AUTOS = YES_AGGRESSIVE;
				GCC_WARN_UNUSED_FUNCTION = YES;
				GCC_WARN_UNUSED_VARIABLE = YES;
				MACOSX_DEPLOYMENT_TARGET = 10.12;
				MTL_ENABLE_DEBUG_INFO = YES;
				ONLY_ACTIVE_ARCH = YES;
				SDKROOT = macosx;
			};
			name = Debug;
		};
		7DFB0E171EACB4020003CF7F /* Release */ = {
			isa = XCBuildConfiguration;
			buildSettings = {
				ALWAYS_SEARCH_USER_PATHS = NO;
				CLANG_ANALYZER_NONNULL = YES;
				CLANG_ANALYZER_NUMBER_OBJECT_CONVERSION = YES_AGGRESSIVE;
				CLANG_CXX_LANGUAGE_STANDARD = "gnu++0x";
				CLANG_CXX_LIBRARY = "libc++";
				CLANG_ENABLE_MODULES = YES;
				CLANG_ENABLE_OBJC_ARC = YES;
				CLANG_WARN_BOOL_CONVERSION = YES;
				CLANG_WARN_CONSTANT_CONVERSION = YES;
				CLANG_WARN_DIRECT_OBJC_ISA_USAGE = YES_ERROR;
				CLANG_WARN_DOCUMENTATION_COMMENTS = YES;
				CLANG_WARN_EMPTY_BODY = YES;
				CLANG_WARN_ENUM_CONVERSION = YES;
				CLANG_WARN_INFINITE_RECURSION = YES;
				CLANG_WARN_INT_CONVERSION = YES;
				CLANG_WARN_OBJC_ROOT_CLASS = YES_ERROR;
				CLANG_WARN_SUSPICIOUS_MOVE = YES;
				CLANG_WARN_UNREACHABLE_CODE = YES;
				CLANG_WARN__DUPLICATE_METHOD_MATCH = YES;
				CODE_SIGN_IDENTITY = "-";
				COPY_PHASE_STRIP = NO;
				DEBUG_INFORMATION_FORMAT = "dwarf-with-dsym";
				ENABLE_NS_ASSERTIONS = NO;
				ENABLE_STRICT_OBJC_MSGSEND = YES;
				GCC_C_LANGUAGE_STANDARD = gnu99;
				GCC_NO_COMMON_BLOCKS = YES;
				GCC_WARN_64_TO_32_BIT_CONVERSION = YES;
				GCC_WARN_ABOUT_RETURN_TYPE = YES_ERROR;
				GCC_WARN_UNDECLARED_SELECTOR = YES;
				GCC_WARN_UNINITIALIZED_AUTOS = YES_AGGRESSIVE;
				GCC_WARN_UNUSED_FUNCTION = YES;
				GCC_WARN_UNUSED_VARIABLE = YES;
				MACOSX_DEPLOYMENT_TARGET = 10.12;
				MTL_ENABLE_DEBUG_INFO = NO;
				SDKROOT = macosx;
			};
			name = Release;
		};
		7DFB0E191EACB4020003CF7F /* Debug */ = {
			isa = XCBuildConfiguration;
			buildSettings = {
				PRODUCT_NAME = "$(TARGET_NAME)";
			};
			name = Debug;
		};
		7DFB0E1A1EACB4020003CF7F /* Release */ = {
			isa = XCBuildConfiguration;
			buildSettings = {
				PRODUCT_NAME = "$(TARGET_NAME)";
			};
			name = Release;
		};
/* End XCBuildConfiguration section */

/* Begin XCConfigurationList section */
		7DFB0E0C1EACB4020003CF7F /* Build configuration list for PBXProject "Task_7" */ = {
			isa = XCConfigurationList;
			buildConfigurations = (
				7DFB0E161EACB4020003CF7F /* Debug */,
				7DFB0E171EACB4020003CF7F /* Release */,
			);
			defaultConfigurationIsVisible = 0;
			defaultConfigurationName = Release;
		};
		7DFB0E181EACB4020003CF7F /* Build configuration list for PBXNativeTarget "Task_7" */ = {
			isa = XCConfigurationList;
			buildConfigurations = (
				7DFB0E191EACB4020003CF7F /* Debug */,
				7DFB0E1A1EACB4020003CF7F /* Release */,
			);
			defaultConfigurationIsVisible = 0;
			defaultConfigurationName = Release;
		};
/* End XCConfigurationList section */
	};
	rootObject = 7DFB0E091EACB4020003CF7F /* Project object */;
}
