// !$*UTF8*$!
{
	archiveVersion = 1;
	classes = {
	};
	objectVersion = 46;
	objects = {

/* Begin PBXBuildFile section */
		7D768EA71EAF12C400418386 /* data_handler.c in Sources */ = {isa = PBXBuildFile; fileRef = 7D768EA61EAF12C400418386 /* data_handler.c */; };
		7D768EAB1EAF12D200418386 /* data_dest.c in Sources */ = {isa = PBXBuildFile; fileRef = 7D768EA81EAF12D200418386 /* data_dest.c */; };
		7D768EAC1EAF12D200418386 /* data_source.c in Sources */ = {isa = PBXBuildFile; fileRef = 7D768EA91EAF12D200418386 /* data_source.c */; };
		7D768EAD1EAF12D200418386 /* launcher.c in Sources */ = {isa = PBXBuildFile; fileRef = 7D768EAA1EAF12D200418386 /* launcher.c */; };
/* End PBXBuildFile section */

/* Begin PBXCopyFilesBuildPhase section */
		7D5B76A41EAE60DD00E17A70 /* CopyFiles */ = {
			isa = PBXCopyFilesBuildPhase;
			buildActionMask = 2147483647;
			dstPath = /usr/share/man/man1/;
			dstSubfolderSpec = 0;
			files = (
			);
			runOnlyForDeploymentPostprocessing = 1;
		};
/* End PBXCopyFilesBuildPhase section */

/* Begin PBXFileReference section */
		7D5B76A61EAE60DD00E17A70 /* Task_7_1 */ = {isa = PBXFileReference; explicitFileType = "compiled.mach-o.executable"; includeInIndex = 0; path = Task_7_1; sourceTree = BUILT_PRODUCTS_DIR; };
		7D768EA51EAF12C400418386 /* compile.sh */ = {isa = PBXFileReference; fileEncoding = 4; lastKnownFileType = text.script.sh; path = compile.sh; sourceTree = "<group>"; };
		7D768EA61EAF12C400418386 /* data_handler.c */ = {isa = PBXFileReference; fileEncoding = 4; lastKnownFileType = sourcecode.c.c; path = data_handler.c; sourceTree = "<group>"; };
		7D768EA81EAF12D200418386 /* data_dest.c */ = {isa = PBXFileReference; fileEncoding = 4; lastKnownFileType = sourcecode.c.c; path = data_dest.c; sourceTree = "<group>"; };
		7D768EA91EAF12D200418386 /* data_source.c */ = {isa = PBXFileReference; fileEncoding = 4; lastKnownFileType = sourcecode.c.c; path = data_source.c; sourceTree = "<group>"; };
		7D768EAA1EAF12D200418386 /* launcher.c */ = {isa = PBXFileReference; fileEncoding = 4; lastKnownFileType = sourcecode.c.c; path = launcher.c; sourceTree = "<group>"; };
		7D768EAE1EAF12DD00418386 /* dst.txt */ = {isa = PBXFileReference; fileEncoding = 4; lastKnownFileType = text; path = dst.txt; sourceTree = "<group>"; };
		7D768EAF1EAF12DD00418386 /* launcher.defines.h */ = {isa = PBXFileReference; fileEncoding = 4; lastKnownFileType = sourcecode.c.h; path = launcher.defines.h; sourceTree = "<group>"; };
/* End PBXFileReference section */

/* Begin PBXFrameworksBuildPhase section */
		7D5B76A31EAE60DD00E17A70 /* Frameworks */ = {
			isa = PBXFrameworksBuildPhase;
			buildActionMask = 2147483647;
			files = (
			);
			runOnlyForDeploymentPostprocessing = 0;
		};
/* End PBXFrameworksBuildPhase section */

/* Begin PBXGroup section */
		7D5B769D1EAE60DD00E17A70 = {
			isa = PBXGroup;
			children = (
				7D5B76A81EAE60DD00E17A70 /* Task_7_1 */,
				7D5B76A71EAE60DD00E17A70 /* Products */,
			);
			sourceTree = "<group>";
		};
		7D5B76A71EAE60DD00E17A70 /* Products */ = {
			isa = PBXGroup;
			children = (
				7D5B76A61EAE60DD00E17A70 /* Task_7_1 */,
			);
			name = Products;
			sourceTree = "<group>";
		};
		7D5B76A81EAE60DD00E17A70 /* Task_7_1 */ = {
			isa = PBXGroup;
			children = (
				7D768EAE1EAF12DD00418386 /* dst.txt */,
				7D768EAF1EAF12DD00418386 /* launcher.defines.h */,
				7D768EA81EAF12D200418386 /* data_dest.c */,
				7D768EA91EAF12D200418386 /* data_source.c */,
				7D768EAA1EAF12D200418386 /* launcher.c */,
				7D768EA51EAF12C400418386 /* compile.sh */,
				7D768EA61EAF12C400418386 /* data_handler.c */,
			);
			path = Task_7_1;
			sourceTree = "<group>";
		};
/* End PBXGroup section */

/* Begin PBXNativeTarget section */
		7D5B76A51EAE60DD00E17A70 /* Task_7_1 */ = {
			isa = PBXNativeTarget;
			buildConfigurationList = 7D5B76AD1EAE60DD00E17A70 /* Build configuration list for PBXNativeTarget "Task_7_1" */;
			buildPhases = (
				7D5B76A21EAE60DD00E17A70 /* Sources */,
				7D5B76A31EAE60DD00E17A70 /* Frameworks */,
				7D5B76A41EAE60DD00E17A70 /* CopyFiles */,
			);
			buildRules = (
			);
			dependencies = (
			);
			name = Task_7_1;
			productName = Task_7_1;
			productReference = 7D5B76A61EAE60DD00E17A70 /* Task_7_1 */;
			productType = "com.apple.product-type.tool";
		};
/* End PBXNativeTarget section */

/* Begin PBXProject section */
		7D5B769E1EAE60DD00E17A70 /* Project object */ = {
			isa = PBXProject;
			attributes = {
				LastUpgradeCheck = 0830;
				ORGANIZATIONNAME = "Ольга Выростко";
				TargetAttributes = {
					7D5B76A51EAE60DD00E17A70 = {
						CreatedOnToolsVersion = 8.3.1;
						ProvisioningStyle = Automatic;
					};
				};
			};
			buildConfigurationList = 7D5B76A11EAE60DD00E17A70 /* Build configuration list for PBXProject "Task_7_1" */;
			compatibilityVersion = "Xcode 3.2";
			developmentRegion = English;
			hasScannedForEncodings = 0;
			knownRegions = (
				en,
			);
			mainGroup = 7D5B769D1EAE60DD00E17A70;
			productRefGroup = 7D5B76A71EAE60DD00E17A70 /* Products */;
			projectDirPath = "";
			projectRoot = "";
			targets = (
				7D5B76A51EAE60DD00E17A70 /* Task_7_1 */,
			);
		};
/* End PBXProject section */

/* Begin PBXSourcesBuildPhase section */
		7D5B76A21EAE60DD00E17A70 /* Sources */ = {
			isa = PBXSourcesBuildPhase;
			buildActionMask = 2147483647;
			files = (
				7D768EAC1EAF12D200418386 /* data_source.c in Sources */,
				7D768EAD1EAF12D200418386 /* launcher.c in Sources */,
				7D768EA71EAF12C400418386 /* data_handler.c in Sources */,
				7D768EAB1EAF12D200418386 /* data_dest.c in Sources */,
			);
			runOnlyForDeploymentPostprocessing = 0;
		};
/* End PBXSourcesBuildPhase section */

/* Begin XCBuildConfiguration section */
		7D5B76AB1EAE60DD00E17A70 /* Debug */ = {
			isa = XCBuildConfiguration;
			buildSettings = {
				ALWAYS_SEARCH_USER_PATHS = NO;
				CLANG_ANALYZER_NONNULL = YES;
				CLANG_ANALYZER_NUMBER_OBJECT_CONVERSION = YES_AGGRESSIVE;
				CLANG_CXX_LANGUAGE_STANDARD = "gnu++0x";
				CLANG_CXX_LIBRARY = "libc++";
				CLANG_ENABLE_MODULES = YES;
				CLANG_ENABLE_OBJC_ARC = YES;
				CLANG_WARN_BOOL_CONVERSION = YES;
				CLANG_WARN_CONSTANT_CONVERSION = YES;
				CLANG_WARN_DIRECT_OBJC_ISA_USAGE = YES_ERROR;
				CLANG_WARN_DOCUMENTATION_COMMENTS = YES;
				CLANG_WARN_EMPTY_BODY = YES;
				CLANG_WARN_ENUM_CONVERSION = YES;
				CLANG_WARN_INFINITE_RECURSION = YES;
				CLANG_WARN_INT_CONVERSION = YES;
				CLANG_WARN_OBJC_ROOT_CLASS = YES_ERROR;
				CLANG_WARN_SUSPICIOUS_MOVE = YES;
				CLANG_WARN_UNREACHABLE_CODE = YES;
				CLANG_WARN__DUPLICATE_METHOD_MATCH = YES;
				CODE_SIGN_IDENTITY = "-";
				COPY_PHASE_STRIP = NO;
				DEBUG_INFORMATION_FORMAT = dwarf;
				ENABLE_STRICT_OBJC_MSGSEND = YES;
				ENABLE_TESTABILITY = YES;
				GCC_C_LANGUAGE_STANDARD = gnu99;
				GCC_DYNAMIC_NO_PIC = NO;
				GCC_NO_COMMON_BLOCKS = YES;
				GCC_OPTIMIZATION_LEVEL = 0;
				GCC_PREPROCESSOR_DEFINITIONS = (
					"DEBUG=1",
					"$(inherited)",
				);
				GCC_WARN_64_TO_32_BIT_CONVERSION = YES;
				GCC_WARN_ABOUT_RETURN_TYPE = YES_ERROR;
				GCC_WARN_UNDECLARED_SELECTOR = YES;
				GCC_WARN_UNINITIALIZED_AUTOS = YES_AGGRESSIVE;
				GCC_WARN_UNUSED_FUNCTION = YES;
				GCC_WARN_UNUSED_VARIABLE = YES;
				MACOSX_DEPLOYMENT_TARGET = 10.12;
				MTL_ENABLE_DEBUG_INFO = YES;
				ONLY_ACTIVE_ARCH = YES;
				SDKROOT = macosx;
			};
			name = Debug;
		};
		7D5B76AC1EAE60DD00E17A70 /* Release */ = {
			isa = XCBuildConfiguration;
			buildSettings = {
				ALWAYS_SEARCH_USER_PATHS = NO;
				CLANG_ANALYZER_NONNULL = YES;
				CLANG_ANALYZER_NUMBER_OBJECT_CONVERSION = YES_AGGRESSIVE;
				CLANG_CXX_LANGUAGE_STANDARD = "gnu++0x";
				CLANG_CXX_LIBRARY = "libc++";
				CLANG_ENABLE_MODULES = YES;
				CLANG_ENABLE_OBJC_ARC = YES;
				CLANG_WARN_BOOL_CONVERSION = YES;
				CLANG_WARN_CONSTANT_CONVERSION = YES;
				CLANG_WARN_DIRECT_OBJC_ISA_USAGE = YES_ERROR;
				CLANG_WARN_DOCUMENTATION_COMMENTS = YES;
				CLANG_WARN_EMPTY_BODY = YES;
				CLANG_WARN_ENUM_CONVERSION = YES;
				CLANG_WARN_INFINITE_RECURSION = YES;
				CLANG_WARN_INT_CONVERSION = YES;
				CLANG_WARN_OBJC_ROOT_CLASS = YES_ERROR;
				CLANG_WARN_SUSPICIOUS_MOVE = YES;
				CLANG_WARN_UNREACHABLE_CODE = YES;
				CLANG_WARN__DUPLICATE_METHOD_MATCH = YES;
				CODE_SIGN_IDENTITY = "-";
				COPY_PHASE_STRIP = NO;
				DEBUG_INFORMATION_FORMAT = "dwarf-with-dsym";
				ENABLE_NS_ASSERTIONS = NO;
				ENABLE_STRICT_OBJC_MSGSEND = YES;
				GCC_C_LANGUAGE_STANDARD = gnu99;
				GCC_NO_COMMON_BLOCKS = YES;
				GCC_WARN_64_TO_32_BIT_CONVERSION = YES;
				GCC_WARN_ABOUT_RETURN_TYPE = YES_ERROR;
				GCC_WARN_UNDECLARED_SELECTOR = YES;
				GCC_WARN_UNINITIALIZED_AUTOS = YES_AGGRESSIVE;
				GCC_WARN_UNUSED_FUNCTION = YES;
				GCC_WARN_UNUSED_VARIABLE = YES;
				MACOSX_DEPLOYMENT_TARGET = 10.12;
				MTL_ENABLE_DEBUG_INFO = NO;
				SDKROOT = macosx;
			};
			name = Release;
		};
		7D5B76AE1EAE60DD00E17A70 /* Debug */ = {
			isa = XCBuildConfiguration;
			buildSettings = {
				PRODUCT_NAME = "$(TARGET_NAME)";
			};
			name = Debug;
		};
		7D5B76AF1EAE60DD00E17A70 /* Release */ = {
			isa = XCBuildConfiguration;
			buildSettings = {
				PRODUCT_NAME = "$(TARGET_NAME)";
			};
			name = Release;
		};
/* End XCBuildConfiguration section */

/* Begin XCConfigurationList section */
		7D5B76A11EAE60DD00E17A70 /* Build configuration list for PBXProject "Task_7_1" */ = {
			isa = XCConfigurationList;
			buildConfigurations = (
				7D5B76AB1EAE60DD00E17A70 /* Debug */,
				7D5B76AC1EAE60DD00E17A70 /* Release */,
			);
			defaultConfigurationIsVisible = 0;
			defaultConfigurationName = Release;
		};
		7D5B76AD1EAE60DD00E17A70 /* Build configuration list for PBXNativeTarget "Task_7_1" */ = {
			isa = XCConfigurationList;
			buildConfigurations = (
				7D5B76AE1EAE60DD00E17A70 /* Debug */,
				7D5B76AF1EAE60DD00E17A70 /* Release */,
			);
			defaultConfigurationIsVisible = 0;
			defaultConfigurationName = Release;
		};
/* End XCConfigurationList section */
	};
	rootObject = 7D5B769E1EAE60DD00E17A70 /* Project object */;
}
